
Microsoft Visual Studio Solution File, Format Version 12.00
# Visual Studio 2013
VisualStudioVersion = 12.0.31101.0
MinimumVisualStudioVersion = 10.0.40219.1
Project("{FAE04EC0-301F-11D3-BF4B-00C04F79EFBC}") = "Amba.Report", "Amba.Report\Amba.Report.csproj", "{C60940A3-5795-4DAF-BD1D-3D82526D0425}"
EndProject
Project("{FAE04EC0-301F-11D3-BF4B-00C04F79EFBC}") = "Amba.Report.Test", "Amba.Report.Test\Amba.Report.Test.csproj", "{A2816512-C29B-45B8-9F07-8F425996B144}"
EndProject
Project("{2150E333-8FDC-42A3-9474-1A3956D46DE8}") = ".nuget", ".nuget", "{C96BA6CC-44CB-42BD-9C40-6619A14EB724}"
	ProjectSection(SolutionItems) = preProject
		.nuget\NuGet.Config = .nuget\NuGet.Config
		.nuget\NuGet.exe = .nuget\NuGet.exe
		.nuget\NuGet.targets = .nuget\NuGet.targets
		.nuget\packages.config = .nuget\packages.config
	EndProjectSection
EndProject
Project("{2150E333-8FDC-42A3-9474-1A3956D46DE8}") = "root", "root", "{CFCC96EC-3201-43A4-BFF1-DF1737DEB583}"
	ProjectSection(SolutionItems) = preProject
		..\.gitattributes = ..\.gitattributes
		..\.gitignore = ..\.gitignore
		..\build.ps1 = ..\build.ps1
		..\default.ps1 = ..\default.ps1
		..\LICENSE = ..\LICENSE
		..\README.md = ..\README.md
	EndProjectSection
EndProject
Project("{2150E333-8FDC-42A3-9474-1A3956D46DE8}") = "Solution Items", "Solution Items", "{08D5F2A1-CC0B-4CD2-84AB-5255878B0C39}"
	ProjectSection(SolutionItems) = preProject
		Amba.Report.licenseheader = Amba.Report.licenseheader
		Amba.Report.nuspec = Amba.Report.nuspec
		app.config.install.xdt = app.config.install.xdt
		app.config.uninstall.xdt = app.config.uninstall.xdt
		install.ps1 = install.ps1
		uninstall.ps1 = uninstall.ps1
		VersionAssemblyInfo.cs = VersionAssemblyInfo.cs
	EndProjectSection
EndProject
Project("{FAE04EC0-301F-11D3-BF4B-00C04F79EFBC}") = "Amba.Report.Demo", "Amba.Report.Demo\Amba.Report.Demo.csproj", "{7089211F-2F77-49E8-BA37-4DD52A644802}"
EndProject
Global
	GlobalSection(SolutionConfigurationPlatforms) = preSolution
		Debug|Any CPU = Debug|Any CPU
		Release|Any CPU = Release|Any CPU
	EndGlobalSection
	GlobalSection(ProjectConfigurationPlatforms) = postSolution
		{C60940A3-5795-4DAF-BD1D-3D82526D0425}.Debug|Any CPU.ActiveCfg = Debug|Any CPU
		{C60940A3-5795-4DAF-BD1D-3D82526D0425}.Debug|Any CPU.Build.0 = Debug|Any CPU
		{C60940A3-5795-4DAF-BD1D-3D82526D0425}.Release|Any CPU.ActiveCfg = Release|Any CPU
		{C60940A3-5795-4DAF-BD1D-3D82526D0425}.Release|Any CPU.Build.0 = Release|Any CPU
		{A2816512-C29B-45B8-9F07-8F425996B144}.Debug|Any CPU.ActiveCfg = Debug|Any CPU
		{A2816512-C29B-45B8-9F07-8F425996B144}.Debug|Any CPU.Build.0 = Debug|Any CPU
		{A2816512-C29B-45B8-9F07-8F425996B144}.Release|Any CPU.ActiveCfg = Release|Any CPU
		{A2816512-C29B-45B8-9F07-8F425996B144}.Release|Any CPU.Build.0 = Release|Any CPU
		{7089211F-2F77-49E8-BA37-4DD52A644802}.Debug|Any CPU.ActiveCfg = Debug|Any CPU
		{7089211F-2F77-49E8-BA37-4DD52A644802}.Debug|Any CPU.Build.0 = Debug|Any CPU
		{7089211F-2F77-49E8-BA37-4DD52A644802}.Release|Any CPU.ActiveCfg = Release|Any CPU
		{7089211F-2F77-49E8-BA37-4DD52A644802}.Release|Any CPU.Build.0 = Release|Any CPU
	EndGlobalSection
	GlobalSection(SolutionProperties) = preSolution
		HideSolutionNode = FALSE
	EndGlobalSection
EndGlobal
